
Microsoft Visual Studio Solution File, Format Version 12.00
# Visual Studio 15
VisualStudioVersion = 15.0.27130.2010
MinimumVisualStudioVersion = 10.0.40219.1
Project("{FAE04EC0-301F-11D3-BF4B-00C04F79EFBC}") = "CtrlVDCP.Android", "CtrlVDCP\CtrlVDCP.Android\CtrlVDCP.Android.csproj", "{242BCA7F-9810-41F4-8983-3A2C7D5B9850}"
EndProject
Project("{FAE04EC0-301F-11D3-BF4B-00C04F79EFBC}") = "CtrlVDCP", "CtrlVDCP\CtrlVDCP\CtrlVDCP.csproj", "{9CB98270-F90B-42C5-A692-FC19D6AE45B0}"
EndProject
Project("{FAE04EC0-301F-11D3-BF4B-00C04F79EFBC}") = "CtrlVDCP.UWP", "CtrlVDCP\CtrlVDCP.UWP\CtrlVDCP.UWP.csproj", "{9988F0A3-F698-4B53-98D6-CE38D47A4AE1}"
EndProject
Project("{FAE04EC0-301F-11D3-BF4B-00C04F79EFBC}") = "CtrlVDCP.iOS", "CtrlVDCP\CtrlVDCP.iOS\CtrlVDCP.iOS.csproj", "{D1AE1FB1-65D8-4DCD-865C-2979A97D0C6E}"
EndProject
Global
	GlobalSection(SolutionConfigurationPlatforms) = preSolution
		Ad-Hoc|Any CPU = Ad-Hoc|Any CPU
		Ad-Hoc|ARM = Ad-Hoc|ARM
		Ad-Hoc|iPhone = Ad-Hoc|iPhone
		Ad-Hoc|iPhoneSimulator = Ad-Hoc|iPhoneSimulator
		Ad-Hoc|x64 = Ad-Hoc|x64
		AppStore|Any CPU = AppStore|Any CPU
		AppStore|ARM = AppStore|ARM
		AppStore|iPhone = AppStore|iPhone
		AppStore|iPhoneSimulator = AppStore|iPhoneSimulator
		AppStore|x64 = AppStore|x64
		Debug|Any CPU = Debug|Any CPU
		Debug|ARM = Debug|ARM
		Debug|iPhone = Debug|iPhone
		Debug|iPhoneSimulator = Debug|iPhoneSimulator
		Debug|x64 = Debug|x64
		Release|Any CPU = Release|Any CPU
		Release|ARM = Release|ARM
		Release|iPhone = Release|iPhone
		Release|iPhoneSimulator = Release|iPhoneSimulator
		Release|x64 = Release|x64
	EndGlobalSection
	GlobalSection(ProjectConfigurationPlatforms) = postSolution
		{242BCA7F-9810-41F4-8983-3A2C7D5B9850}.Ad-Hoc|Any CPU.ActiveCfg = Release|Any CPU
		{242BCA7F-9810-41F4-8983-3A2C7D5B9850}.Ad-Hoc|Any CPU.Build.0 = Release|Any CPU
		{242BCA7F-9810-41F4-8983-3A2C7D5B9850}.Ad-Hoc|Any CPU.Deploy.0 = Release|Any CPU
		{242BCA7F-9810-41F4-8983-3A2C7D5B9850}.Ad-Hoc|ARM.ActiveCfg = Release|Any CPU
		{242BCA7F-9810-41F4-8983-3A2C7D5B9850}.Ad-Hoc|ARM.Build.0 = Release|Any CPU
		{242BCA7F-9810-41F4-8983-3A2C7D5B9850}.Ad-Hoc|ARM.Deploy.0 = Release|Any CPU
		{242BCA7F-9810-41F4-8983-3A2C7D5B9850}.Ad-Hoc|iPhone.ActiveCfg = Release|Any CPU
		{242BCA7F-9810-41F4-8983-3A2C7D5B9850}.Ad-Hoc|iPhone.Build.0 = Release|Any CPU
		{242BCA7F-9810-41F4-8983-3A2C7D5B9850}.Ad-Hoc|iPhone.Deploy.0 = Release|Any CPU
		{242BCA7F-9810-41F4-8983-3A2C7D5B9850}.Ad-Hoc|iPhoneSimulator.ActiveCfg = Release|Any CPU
		{242BCA7F-9810-41F4-8983-3A2C7D5B9850}.Ad-Hoc|iPhoneSimulator.Build.0 = Release|Any CPU
		{242BCA7F-9810-41F4-8983-3A2C7D5B9850}.Ad-Hoc|iPhoneSimulator.Deploy.0 = Release|Any CPU
		{242BCA7F-9810-41F4-8983-3A2C7D5B9850}.Ad-Hoc|x64.ActiveCfg = Release|Any CPU
		{242BCA7F-9810-41F4-8983-3A2C7D5B9850}.Ad-Hoc|x64.Build.0 = Release|Any CPU
		{242BCA7F-9810-41F4-8983-3A2C7D5B9850}.Ad-Hoc|x64.Deploy.0 = Release|Any CPU
		{242BCA7F-9810-41F4-8983-3A2C7D5B9850}.AppStore|Any CPU.ActiveCfg = Release|Any CPU
		{242BCA7F-9810-41F4-8983-3A2C7D5B9850}.AppStore|Any CPU.Build.0 = Release|Any CPU
		{242BCA7F-9810-41F4-8983-3A2C7D5B9850}.AppStore|Any CPU.Deploy.0 = Release|Any CPU
		{242BCA7F-9810-41F4-8983-3A2C7D5B9850}.AppStore|ARM.ActiveCfg = Release|Any CPU
		{242BCA7F-9810-41F4-8983-3A2C7D5B9850}.AppStore|ARM.Build.0 = Release|Any CPU
		{242BCA7F-9810-41F4-8983-3A2C7D5B9850}.AppStore|ARM.Deploy.0 = Release|Any CPU
		{242BCA7F-9810-41F4-8983-3A2C7D5B9850}.AppStore|iPhone.ActiveCfg = Release|Any CPU
		{242BCA7F-9810-41F4-8983-3A2C7D5B9850}.AppStore|iPhone.Build.0 = Release|Any CPU
		{242BCA7F-9810-41F4-8983-3A2C7D5B9850}.AppStore|iPhone.Deploy.0 = Release|Any CPU
		{242BCA7F-9810-41F4-8983-3A2C7D5B9850}.AppStore|iPhoneSimulator.ActiveCfg = Release|Any CPU
		{242BCA7F-9810-41F4-8983-3A2C7D5B9850}.AppStore|iPhoneSimulator.Build.0 = Release|Any CPU
		{242BCA7F-9810-41F4-8983-3A2C7D5B9850}.AppStore|iPhoneSimulator.Deploy.0 = Release|Any CPU
		{242BCA7F-9810-41F4-8983-3A2C7D5B9850}.AppStore|x64.ActiveCfg = Release|Any CPU
		{242BCA7F-9810-41F4-8983-3A2C7D5B9850}.AppStore|x64.Build.0 = Release|Any CPU
		{242BCA7F-9810-41F4-8983-3A2C7D5B9850}.AppStore|x64.Deploy.0 = Release|Any CPU
		{242BCA7F-9810-41F4-8983-3A2C7D5B9850}.Debug|Any CPU.ActiveCfg = Debug|Any CPU
		{242BCA7F-9810-41F4-8983-3A2C7D5B9850}.Debug|Any CPU.Build.0 = Debug|Any CPU
		{242BCA7F-9810-41F4-8983-3A2C7D5B9850}.Debug|Any CPU.Deploy.0 = Debug|Any CPU
		{242BCA7F-9810-41F4-8983-3A2C7D5B9850}.Debug|ARM.ActiveCfg = Debug|Any CPU
		{242BCA7F-9810-41F4-8983-3A2C7D5B9850}.Debug|ARM.Build.0 = Debug|Any CPU
		{242BCA7F-9810-41F4-8983-3A2C7D5B9850}.Debug|ARM.Deploy.0 = Debug|Any CPU
		{242BCA7F-9810-41F4-8983-3A2C7D5B9850}.Debug|iPhone.ActiveCfg = Debug|Any CPU
		{242BCA7F-9810-41F4-8983-3A2C7D5B9850}.Debug|iPhone.Build.0 = Debug|Any CPU
		{242BCA7F-9810-41F4-8983-3A2C7D5B9850}.Debug|iPhone.Deploy.0 = Debug|Any CPU
		{242BCA7F-9810-41F4-8983-3A2C7D5B9850}.Debug|iPhoneSimulator.ActiveCfg = Debug|Any CPU
		{242BCA7F-9810-41F4-8983-3A2C7D5B9850}.Debug|iPhoneSimulator.Build.0 = Debug|Any CPU
		{242BCA7F-9810-41F4-8983-3A2C7D5B9850}.Debug|iPhoneSimulator.Deploy.0 = Debug|Any CPU
		{242BCA7F-9810-41F4-8983-3A2C7D5B9850}.Debug|x64.ActiveCfg = Debug|Any CPU
		{242BCA7F-9810-41F4-8983-3A2C7D5B9850}.Debug|x64.Build.0 = Debug|Any CPU
		{242BCA7F-9810-41F4-8983-3A2C7D5B9850}.Debug|x64.Deploy.0 = Debug|Any CPU
		{242BCA7F-9810-41F4-8983-3A2C7D5B9850}.Release|Any CPU.ActiveCfg = Release|Any CPU
		{242BCA7F-9810-41F4-8983-3A2C7D5B9850}.Release|Any CPU.Build.0 = Release|Any CPU
		{242BCA7F-9810-41F4-8983-3A2C7D5B9850}.Release|Any CPU.Deploy.0 = Release|Any CPU
		{242BCA7F-9810-41F4-8983-3A2C7D5B9850}.Release|ARM.ActiveCfg = Release|Any CPU
		{242BCA7F-9810-41F4-8983-3A2C7D5B9850}.Release|ARM.Build.0 = Release|Any CPU
		{242BCA7F-9810-41F4-8983-3A2C7D5B9850}.Release|ARM.Deploy.0 = Release|Any CPU
		{242BCA7F-9810-41F4-8983-3A2C7D5B9850}.Release|iPhone.ActiveCfg = Release|Any CPU
		{242BCA7F-9810-41F4-8983-3A2C7D5B9850}.Release|iPhone.Build.0 = Release|Any CPU
		{242BCA7F-9810-41F4-8983-3A2C7D5B9850}.Release|iPhone.Deploy.0 = Release|Any CPU
		{242BCA7F-9810-41F4-8983-3A2C7D5B9850}.Release|iPhoneSimulator.ActiveCfg = Release|Any CPU
		{242BCA7F-9810-41F4-8983-3A2C7D5B9850}.Release|iPhoneSimulator.Build.0 = Release|Any CPU
		{242BCA7F-9810-41F4-8983-3A2C7D5B9850}.Release|iPhoneSimulator.Deploy.0 = Release|Any CPU
		{242BCA7F-9810-41F4-8983-3A2C7D5B9850}.Release|x64.ActiveCfg = Release|Any CPU
		{242BCA7F-9810-41F4-8983-3A2C7D5B9850}.Release|x64.Build.0 = Release|Any CPU
		{242BCA7F-9810-41F4-8983-3A2C7D5B9850}.Release|x64.Deploy.0 = Release|Any CPU
		{9CB98270-F90B-42C5-A692-FC19D6AE45B0}.Ad-Hoc|Any CPU.ActiveCfg = Release|Any CPU
		{9CB98270-F90B-42C5-A692-FC19D6AE45B0}.Ad-Hoc|Any CPU.Build.0 = Release|Any CPU
		{9CB98270-F90B-42C5-A692-FC19D6AE45B0}.Ad-Hoc|ARM.ActiveCfg = Release|Any CPU
		{9CB98270-F90B-42C5-A692-FC19D6AE45B0}.Ad-Hoc|ARM.Build.0 = Release|Any CPU
		{9CB98270-F90B-42C5-A692-FC19D6AE45B0}.Ad-Hoc|iPhone.ActiveCfg = Release|Any CPU
		{9CB98270-F90B-42C5-A692-FC19D6AE45B0}.Ad-Hoc|iPhone.Build.0 = Release|Any CPU
		{9CB98270-F90B-42C5-A692-FC19D6AE45B0}.Ad-Hoc|iPhoneSimulator.ActiveCfg = Release|Any CPU
		{9CB98270-F90B-42C5-A692-FC19D6AE45B0}.Ad-Hoc|iPhoneSimulator.Build.0 = Release|Any CPU
		{9CB98270-F90B-42C5-A692-FC19D6AE45B0}.Ad-Hoc|x64.ActiveCfg = Release|Any CPU
		{9CB98270-F90B-42C5-A692-FC19D6AE45B0}.Ad-Hoc|x64.Build.0 = Release|Any CPU
		{9CB98270-F90B-42C5-A692-FC19D6AE45B0}.AppStore|Any CPU.ActiveCfg = Release|Any CPU
		{9CB98270-F90B-42C5-A692-FC19D6AE45B0}.AppStore|Any CPU.Build.0 = Release|Any CPU
		{9CB98270-F90B-42C5-A692-FC19D6AE45B0}.AppStore|ARM.ActiveCfg = Release|Any CPU
		{9CB98270-F90B-42C5-A692-FC19D6AE45B0}.AppStore|ARM.Build.0 = Release|Any CPU
		{9CB98270-F90B-42C5-A692-FC19D6AE45B0}.AppStore|iPhone.ActiveCfg = Release|Any CPU
		{9CB98270-F90B-42C5-A692-FC19D6AE45B0}.AppStore|iPhone.Build.0 = Release|Any CPU
		{9CB98270-F90B-42C5-A692-FC19D6AE45B0}.AppStore|iPhoneSimulator.ActiveCfg = Release|Any CPU
		{9CB98270-F90B-42C5-A692-FC19D6AE45B0}.AppStore|iPhoneSimulator.Build.0 = Release|Any CPU
		{9CB98270-F90B-42C5-A692-FC19D6AE45B0}.AppStore|x64.ActiveCfg = Release|Any CPU
		{9CB98270-F90B-42C5-A692-FC19D6AE45B0}.AppStore|x64.Build.0 = Release|Any CPU
		{9CB98270-F90B-42C5-A692-FC19D6AE45B0}.Debug|Any CPU.ActiveCfg = Debug|Any CPU
		{9CB98270-F90B-42C5-A692-FC19D6AE45B0}.Debug|Any CPU.Build.0 = Debug|Any CPU
		{9CB98270-F90B-42C5-A692-FC19D6AE45B0}.Debug|ARM.ActiveCfg = Debug|Any CPU
		{9CB98270-F90B-42C5-A692-FC19D6AE45B0}.Debug|ARM.Build.0 = Debug|Any CPU
		{9CB98270-F90B-42C5-A692-FC19D6AE45B0}.Debug|iPhone.ActiveCfg = Debug|Any CPU
		{9CB98270-F90B-42C5-A692-FC19D6AE45B0}.Debug|iPhone.Build.0 = Debug|Any CPU
		{9CB98270-F90B-42C5-A692-FC19D6AE45B0}.Debug|iPhoneSimulator.ActiveCfg = Debug|Any CPU
		{9CB98270-F90B-42C5-A692-FC19D6AE45B0}.Debug|iPhoneSimulator.Build.0 = Debug|Any CPU
		{9CB98270-F90B-42C5-A692-FC19D6AE45B0}.Debug|x64.ActiveCfg = Debug|Any CPU
		{9CB98270-F90B-42C5-A692-FC19D6AE45B0}.Debug|x64.Build.0 = Debug|Any CPU
		{9CB98270-F90B-42C5-A692-FC19D6AE45B0}.Release|Any CPU.ActiveCfg = Release|Any CPU
		{9CB98270-F90B-42C5-A692-FC19D6AE45B0}.Release|Any CPU.Build.0 = Release|Any CPU
		{9CB98270-F90B-42C5-A692-FC19D6AE45B0}.Release|ARM.ActiveCfg = Release|Any CPU
		{9CB98270-F90B-42C5-A692-FC19D6AE45B0}.Release|ARM.Build.0 = Release|Any CPU
		{9CB98270-F90B-42C5-A692-FC19D6AE45B0}.Release|iPhone.ActiveCfg = Release|Any CPU
		{9CB98270-F90B-42C5-A692-FC19D6AE45B0}.Release|iPhone.Build.0 = Release|Any CPU
		{9CB98270-F90B-42C5-A692-FC19D6AE45B0}.Release|iPhoneSimulator.ActiveCfg = Release|Any CPU
		{9CB98270-F90B-42C5-A692-FC19D6AE45B0}.Release|iPhoneSimulator.Build.0 = Release|Any CPU
		{9CB98270-F90B-42C5-A692-FC19D6AE45B0}.Release|x64.ActiveCfg = Release|Any CPU
		{9CB98270-F90B-42C5-A692-FC19D6AE45B0}.Release|x64.Build.0 = Release|Any CPU
		{9988F0A3-F698-4B53-98D6-CE38D47A4AE1}.Ad-Hoc|Any CPU.ActiveCfg = Debug|x64
		{9988F0A3-F698-4B53-98D6-CE38D47A4AE1}.Ad-Hoc|Any CPU.Build.0 = Debug|x64
		{9988F0A3-F698-4B53-98D6-CE38D47A4AE1}.Ad-Hoc|Any CPU.Deploy.0 = Debug|x64
		{9988F0A3-F698-4B53-98D6-CE38D47A4AE1}.Ad-Hoc|ARM.ActiveCfg = Release|ARM
		{9988F0A3-F698-4B53-98D6-CE38D47A4AE1}.Ad-Hoc|ARM.Build.0 = Release|ARM
		{9988F0A3-F698-4B53-98D6-CE38D47A4AE1}.Ad-Hoc|ARM.Deploy.0 = Release|ARM
		{9988F0A3-F698-4B53-98D6-CE38D47A4AE1}.Ad-Hoc|iPhone.ActiveCfg = Debug|x64
		{9988F0A3-F698-4B53-98D6-CE38D47A4AE1}.Ad-Hoc|iPhone.Build.0 = Debug|x64
		{9988F0A3-F698-4B53-98D6-CE38D47A4AE1}.Ad-Hoc|iPhone.Deploy.0 = Debug|x64
		{9988F0A3-F698-4B53-98D6-CE38D47A4AE1}.Ad-Hoc|iPhoneSimulator.ActiveCfg = Debug|x64
		{9988F0A3-F698-4B53-98D6-CE38D47A4AE1}.Ad-Hoc|iPhoneSimulator.Build.0 = Debug|x64
		{9988F0A3-F698-4B53-98D6-CE38D47A4AE1}.Ad-Hoc|iPhoneSimulator.Deploy.0 = Debug|x64
		{9988F0A3-F698-4B53-98D6-CE38D47A4AE1}.Ad-Hoc|x64.ActiveCfg = Release|x64
		{9988F0A3-F698-4B53-98D6-CE38D47A4AE1}.Ad-Hoc|x64.Build.0 = Release|x64
		{9988F0A3-F698-4B53-98D6-CE38D47A4AE1}.Ad-Hoc|x64.Deploy.0 = Release|x64
		{9988F0A3-F698-4B53-98D6-CE38D47A4AE1}.AppStore|Any CPU.ActiveCfg = Debug|x64
		{9988F0A3-F698-4B53-98D6-CE38D47A4AE1}.AppStore|Any CPU.Build.0 = Debug|x64
		{9988F0A3-F698-4B53-98D6-CE38D47A4AE1}.AppStore|Any CPU.Deploy.0 = Debug|x64
		{9988F0A3-F698-4B53-98D6-CE38D47A4AE1}.AppStore|ARM.ActiveCfg = Release|ARM
		{9988F0A3-F698-4B53-98D6-CE38D47A4AE1}.AppStore|ARM.Build.0 = Release|ARM
		{9988F0A3-F698-4B53-98D6-CE38D47A4AE1}.AppStore|ARM.Deploy.0 = Release|ARM
		{9988F0A3-F698-4B53-98D6-CE38D47A4AE1}.AppStore|iPhone.ActiveCfg = Debug|x64
		{9988F0A3-F698-4B53-98D6-CE38D47A4AE1}.AppStore|iPhone.Build.0 = Debug|x64
		{9988F0A3-F698-4B53-98D6-CE38D47A4AE1}.AppStore|iPhone.Deploy.0 = Debug|x64
		{9988F0A3-F698-4B53-98D6-CE38D47A4AE1}.AppStore|iPhoneSimulator.ActiveCfg = Debug|x64
		{9988F0A3-F698-4B53-98D6-CE38D47A4AE1}.AppStore|iPhoneSimulator.Build.0 = Debug|x64
		{9988F0A3-F698-4B53-98D6-CE38D47A4AE1}.AppStore|iPhoneSimulator.Deploy.0 = Debug|x64
		{9988F0A3-F698-4B53-98D6-CE38D47A4AE1}.AppStore|x64.ActiveCfg = Release|x64
		{9988F0A3-F698-4B53-98D6-CE38D47A4AE1}.AppStore|x64.Build.0 = Release|x64
		{9988F0A3-F698-4B53-98D6-CE38D47A4AE1}.AppStore|x64.Deploy.0 = Release|x64
		{9988F0A3-F698-4B53-98D6-CE38D47A4AE1}.Debug|Any CPU.ActiveCfg = Debug|x64
		{9988F0A3-F698-4B53-98D6-CE38D47A4AE1}.Debug|Any CPU.Build.0 = Debug|x64
		{9988F0A3-F698-4B53-98D6-CE38D47A4AE1}.Debug|Any CPU.Deploy.0 = Debug|x64
		{9988F0A3-F698-4B53-98D6-CE38D47A4AE1}.Debug|ARM.ActiveCfg = Debug|ARM
		{9988F0A3-F698-4B53-98D6-CE38D47A4AE1}.Debug|ARM.Build.0 = Debug|ARM
		{9988F0A3-F698-4B53-98D6-CE38D47A4AE1}.Debug|ARM.Deploy.0 = Debug|ARM
		{9988F0A3-F698-4B53-98D6-CE38D47A4AE1}.Debug|iPhone.ActiveCfg = Debug|x64
		{9988F0A3-F698-4B53-98D6-CE38D47A4AE1}.Debug|iPhoneSimulator.ActiveCfg = Debug|x64
		{9988F0A3-F698-4B53-98D6-CE38D47A4AE1}.Debug|x64.ActiveCfg = Debug|x64
		{9988F0A3-F698-4B53-98D6-CE38D47A4AE1}.Debug|x64.Build.0 = Debug|x64
		{9988F0A3-F698-4B53-98D6-CE38D47A4AE1}.Debug|x64.Deploy.0 = Debug|x64
		{9988F0A3-F698-4B53-98D6-CE38D47A4AE1}.Release|Any CPU.ActiveCfg = Release|x64
		{9988F0A3-F698-4B53-98D6-CE38D47A4AE1}.Release|Any CPU.Build.0 = Release|x64
		{9988F0A3-F698-4B53-98D6-CE38D47A4AE1}.Release|Any CPU.Deploy.0 = Release|x64
		{9988F0A3-F698-4B53-98D6-CE38D47A4AE1}.Release|ARM.ActiveCfg = Release|ARM
		{9988F0A3-F698-4B53-98D6-CE38D47A4AE1}.Release|ARM.Build.0 = Release|ARM
		{9988F0A3-F698-4B53-98D6-CE38D47A4AE1}.Release|ARM.Deploy.0 = Release|ARM
		{9988F0A3-F698-4B53-98D6-CE38D47A4AE1}.Release|iPhone.ActiveCfg = Release|x64
		{9988F0A3-F698-4B53-98D6-CE38D47A4AE1}.Release|iPhoneSimulator.ActiveCfg = Release|x64
		{9988F0A3-F698-4B53-98D6-CE38D47A4AE1}.Release|x64.ActiveCfg = Release|x64
		{9988F0A3-F698-4B53-98D6-CE38D47A4AE1}.Release|x64.Build.0 = Release|x64
		{9988F0A3-F698-4B53-98D6-CE38D47A4AE1}.Release|x64.Deploy.0 = Release|x64
		{D1AE1FB1-65D8-4DCD-865C-2979A97D0C6E}.Ad-Hoc|Any CPU.ActiveCfg = Ad-Hoc|iPhoneSimulator
		{D1AE1FB1-65D8-4DCD-865C-2979A97D0C6E}.Ad-Hoc|ARM.ActiveCfg = Ad-Hoc|iPhone
		{D1AE1FB1-65D8-4DCD-865C-2979A97D0C6E}.Ad-Hoc|iPhone.ActiveCfg = Ad-Hoc|iPhone
		{D1AE1FB1-65D8-4DCD-865C-2979A97D0C6E}.Ad-Hoc|iPhone.Build.0 = Ad-Hoc|iPhone
		{D1AE1FB1-65D8-4DCD-865C-2979A97D0C6E}.Ad-Hoc|iPhoneSimulator.ActiveCfg = Ad-Hoc|iPhoneSimulator
		{D1AE1FB1-65D8-4DCD-865C-2979A97D0C6E}.Ad-Hoc|iPhoneSimulator.Build.0 = Ad-Hoc|iPhoneSimulator
		{D1AE1FB1-65D8-4DCD-865C-2979A97D0C6E}.Ad-Hoc|x64.ActiveCfg = Ad-Hoc|iPhone
		{D1AE1FB1-65D8-4DCD-865C-2979A97D0C6E}.AppStore|Any CPU.ActiveCfg = AppStore|iPhoneSimulator
		{D1AE1FB1-65D8-4DCD-865C-2979A97D0C6E}.AppStore|ARM.ActiveCfg = AppStore|iPhone
		{D1AE1FB1-65D8-4DCD-865C-2979A97D0C6E}.AppStore|iPhone.ActiveCfg = AppStore|iPhone
		{D1AE1FB1-65D8-4DCD-865C-2979A97D0C6E}.AppStore|iPhone.Build.0 = AppStore|iPhone
		{D1AE1FB1-65D8-4DCD-865C-2979A97D0C6E}.AppStore|iPhoneSimulator.ActiveCfg = AppStore|iPhoneSimulator
		{D1AE1FB1-65D8-4DCD-865C-2979A97D0C6E}.AppStore|iPhoneSimulator.Build.0 = AppStore|iPhoneSimulator
		{D1AE1FB1-65D8-4DCD-865C-2979A97D0C6E}.AppStore|x64.ActiveCfg = AppStore|iPhone
		{D1AE1FB1-65D8-4DCD-865C-2979A97D0C6E}.Debug|Any CPU.ActiveCfg = Debug|iPhoneSimulator
		{D1AE1FB1-65D8-4DCD-865C-2979A97D0C6E}.Debug|ARM.ActiveCfg = Debug|iPhone
		{D1AE1FB1-65D8-4DCD-865C-2979A97D0C6E}.Debug|iPhone.ActiveCfg = Debug|iPhone
		{D1AE1FB1-65D8-4DCD-865C-2979A97D0C6E}.Debug|iPhone.Build.0 = Debug|iPhone
		{D1AE1FB1-65D8-4DCD-865C-2979A97D0C6E}.Debug|iPhoneSimulator.ActiveCfg = Debug|iPhoneSimulator
		{D1AE1FB1-65D8-4DCD-865C-2979A97D0C6E}.Debug|iPhoneSimulator.Build.0 = Debug|iPhoneSimulator
		{D1AE1FB1-65D8-4DCD-865C-2979A97D0C6E}.Debug|x64.ActiveCfg = Debug|iPhone
		{D1AE1FB1-65D8-4DCD-865C-2979A97D0C6E}.Release|Any CPU.ActiveCfg = Release|iPhoneSimulator
		{D1AE1FB1-65D8-4DCD-865C-2979A97D0C6E}.Release|ARM.ActiveCfg = Release|iPhone
		{D1AE1FB1-65D8-4DCD-865C-2979A97D0C6E}.Release|iPhone.ActiveCfg = Release|iPhone
		{D1AE1FB1-65D8-4DCD-865C-2979A97D0C6E}.Release|iPhone.Build.0 = Release|iPhone
		{D1AE1FB1-65D8-4DCD-865C-2979A97D0C6E}.Release|iPhoneSimulator.ActiveCfg = Release|iPhoneSimulator
		{D1AE1FB1-65D8-4DCD-865C-2979A97D0C6E}.Release|iPhoneSimulator.Build.0 = Release|iPhoneSimulator
		{D1AE1FB1-65D8-4DCD-865C-2979A97D0C6E}.Release|x64.ActiveCfg = Release|iPhone
	EndGlobalSection
	GlobalSection(SolutionProperties) = preSolution
		HideSolutionNode = FALSE
	EndGlobalSection
	GlobalSection(ExtensibilityGlobals) = postSolution
		SolutionGuid = {5A85763C-EF3B-4D91-A9BD-D21E1E2DD9B5}
	EndGlobalSection
EndGlobal
